
Microsoft Visual Studio Solution File, Format Version 12.00
# Visual Studio Version 17
VisualStudioVersion = 17.1.32210.238
MinimumVisualStudioVersion = 10.0.40219.1
Project("{FAE04EC0-301F-11D3-BF4B-00C04F79EFBC}") = "SANTOS_ProfileDB", "SANTOS_ProfileDB\SANTOS_ProfileDB.csproj", "{F86DE8C6-7AEE-4BA7-B7A4-EEF0FF298393}"
EndProject
Global
	GlobalSection(SolutionConfigurationPlatforms) = preSolution
		Debug|Any CPU = Debug|Any CPU
		Release|Any CPU = Release|Any CPU
	EndGlobalSection
	GlobalSection(ProjectConfigurationPlatforms) = postSolution
		{F86DE8C6-7AEE-4BA7-B7A4-EEF0FF298393}.Debug|Any CPU.ActiveCfg = Debug|Any CPU
		{F86DE8C6-7AEE-4BA7-B7A4-EEF0FF298393}.Debug|Any CPU.Build.0 = Debug|Any CPU
		{F86DE8C6-7AEE-4BA7-B7A4-EEF0FF298393}.Release|Any CPU.ActiveCfg = Release|Any CPU
		{F86DE8C6-7AEE-4BA7-B7A4-EEF0FF298393}.Release|Any CPU.Build.0 = Release|Any CPU
	EndGlobalSection
	GlobalSection(SolutionProperties) = preSolution
		HideSolutionNode = FALSE
	EndGlobalSection
	GlobalSection(ExtensibilityGlobals) = postSolution
		SolutionGuid = {448F9746-F6B0-4256-AC2C-80EDCD72520D}
	EndGlobalSection
EndGlobal
